
Microsoft Visual Studio Solution File, Format Version 12.00
# Visual Studio Version 17
VisualStudioVersion = 17.9.34728.123
MinimumVisualStudioVersion = 10.0.40219.1
Project("{FAE04EC0-301F-11D3-BF4B-00C04F79EFBC}") = "Ol_der", "Ol_der.csproj", "{A2BADE6D-52D6-4B66-B4A9-FE988C2B0E7E}"
EndProject
Global
	GlobalSection(SolutionConfigurationPlatforms) = preSolution
		Debug|Any CPU = Debug|Any CPU
		Release|Any CPU = Release|Any CPU
	EndGlobalSection
	GlobalSection(ProjectConfigurationPlatforms) = postSolution
		{A2BADE6D-52D6-4B66-B4A9-FE988C2B0E7E}.Debug|Any CPU.ActiveCfg = Debug|Any CPU
		{A2BADE6D-52D6-4B66-B4A9-FE988C2B0E7E}.Debug|Any CPU.Build.0 = Debug|Any CPU
		{A2BADE6D-52D6-4B66-B4A9-FE988C2B0E7E}.Release|Any CPU.ActiveCfg = Release|Any CPU
		{A2BADE6D-52D6-4B66-B4A9-FE988C2B0E7E}.Release|Any CPU.Build.0 = Release|Any CPU
	EndGlobalSection
	GlobalSection(SolutionProperties) = preSolution
		HideSolutionNode = FALSE
	EndGlobalSection
	GlobalSection(ExtensibilityGlobals) = postSolution
		SolutionGuid = {385813E2-1DF1-43D4-8793-D0A20EE74709}
	EndGlobalSection
EndGlobal
